// !$*UTF8*$!
{
	archiveVersion = 1;
	classes = {
	};
	objectVersion = 55;
	objects = {

/* Begin PBXBuildFile section */
		C1961B7D27ABFCB20037C568 /* AppDelegate.swift in Sources */ = {isa = PBXBuildFile; fileRef = C1961B7C27ABFCB20037C568 /* AppDelegate.swift */; };
		C1961B7F27ABFCB20037C568 /* SceneDelegate.swift in Sources */ = {isa = PBXBuildFile; fileRef = C1961B7E27ABFCB20037C568 /* SceneDelegate.swift */; };
		C1961B8127ABFCB20037C568 /* ViewController.swift in Sources */ = {isa = PBXBuildFile; fileRef = C1961B8027ABFCB20037C568 /* ViewController.swift */; };
		C1961B8427ABFCB20037C568 /* Main.storyboard in Resources */ = {isa = PBXBuildFile; fileRef = C1961B8227ABFCB20037C568 /* Main.storyboard */; };
		C1961B8727ABFCB20037C568 /* NotesApp.xcdatamodeld in Sources */ = {isa = PBXBuildFile; fileRef = C1961B8527ABFCB20037C568 /* NotesApp.xcdatamodeld */; };
		C1961B8927ABFCB40037C568 /* Assets.xcassets in Resources */ = {isa = PBXBuildFile; fileRef = C1961B8827ABFCB40037C568 /* Assets.xcassets */; };
		C1961B8C27ABFCB40037C568 /* LaunchScreen.storyboard in Resources */ = {isa = PBXBuildFile; fileRef = C1961B8A27ABFCB40037C568 /* LaunchScreen.storyboard */; };
		C1961B9727ABFCB40037C568 /* NotesAppTests.swift in Sources */ = {isa = PBXBuildFile; fileRef = C1961B9627ABFCB40037C568 /* NotesAppTests.swift */; };
		C1961BA127ABFCB40037C568 /* NotesAppUITests.swift in Sources */ = {isa = PBXBuildFile; fileRef = C1961BA027ABFCB40037C568 /* NotesAppUITests.swift */; };
		C1961BA327ABFCB40037C568 /* NotesAppUITestsLaunchTests.swift in Sources */ = {isa = PBXBuildFile; fileRef = C1961BA227ABFCB40037C568 /* NotesAppUITestsLaunchTests.swift */; };
		C1FA021027AD2CB7001A60FA /* DetailsViewController.swift in Sources */ = {isa = PBXBuildFile; fileRef = C1FA020F27AD2CB7001A60FA /* DetailsViewController.swift */; };
/* End PBXBuildFile section */

/* Begin PBXContainerItemProxy section */
		C1961B9327ABFCB40037C568 /* PBXContainerItemProxy */ = {
			isa = PBXContainerItemProxy;
			containerPortal = C1961B7127ABFCB20037C568 /* Project object */;
			proxyType = 1;
			remoteGlobalIDString = C1961B7827ABFCB20037C568;
			remoteInfo = NotesApp;
		};
		C1961B9D27ABFCB40037C568 /* PBXContainerItemProxy */ = {
			isa = PBXContainerItemProxy;
			containerPortal = C1961B7127ABFCB20037C568 /* Project object */;
			proxyType = 1;
			remoteGlobalIDString = C1961B7827ABFCB20037C568;
			remoteInfo = NotesApp;
		};
/* End PBXContainerItemProxy section */

/* Begin PBXFileReference section */
		C1961B7927ABFCB20037C568 /* NotesApp.app */ = {isa = PBXFileReference; explicitFileType = wrapper.application; includeInIndex = 0; path = NotesApp.app; sourceTree = BUILT_PRODUCTS_DIR; };
		C1961B7C27ABFCB20037C568 /* AppDelegate.swift */ = {isa = PBXFileReference; lastKnownFileType = sourcecode.swift; path = AppDelegate.swift; sourceTree = "<group>"; };
		C1961B7E27ABFCB20037C568 /* SceneDelegate.swift */ = {isa = PBXFileReference; lastKnownFileType = sourcecode.swift; path = SceneDelegate.swift; sourceTree = "<group>"; };
		C1961B8027ABFCB20037C568 /* ViewController.swift */ = {isa = PBXFileReference; lastKnownFileType = sourcecode.swift; path = ViewController.swift; sourceTree = "<group>"; };
		C1961B8327ABFCB20037C568 /* Base */ = {isa = PBXFileReference; lastKnownFileType = file.storyboard; name = Base; path = Base.lproj/Main.storyboard; sourceTree = "<group>"; };
		C1961B8627ABFCB20037C568 /* NotesApp.xcdatamodel */ = {isa = PBXFileReference; lastKnownFileType = wrapper.xcdatamodel; path = NotesApp.xcdatamodel; sourceTree = "<group>"; };
		C1961B8827ABFCB40037C568 /* Assets.xcassets */ = {isa = PBXFileReference; lastKnownFileType = folder.assetcatalog; path = Assets.xcassets; sourceTree = "<group>"; };
		C1961B8B27ABFCB40037C568 /* Base */ = {isa = PBXFileReference; lastKnownFileType = file.storyboard; name = Base; path = Base.lproj/LaunchScreen.storyboard; sourceTree = "<group>"; };
		C1961B8D27ABFCB40037C568 /* Info.plist */ = {isa = PBXFileReference; lastKnownFileType = text.plist.xml; path = Info.plist; sourceTree = "<group>"; };
		C1961B9227ABFCB40037C568 /* NotesAppTests.xctest */ = {isa = PBXFileReference; explicitFileType = wrapper.cfbundle; includeInIndex = 0; path = NotesAppTests.xctest; sourceTree = BUILT_PRODUCTS_DIR; };
		C1961B9627ABFCB40037C568 /* NotesAppTests.swift */ = {isa = PBXFileReference; lastKnownFileType = sourcecode.swift; path = NotesAppTests.swift; sourceTree = "<group>"; };
		C1961B9C27ABFCB40037C568 /* NotesAppUITests.xctest */ = {isa = PBXFileReference; explicitFileType = wrapper.cfbundle; includeInIndex = 0; path = NotesAppUITests.xctest; sourceTree = BUILT_PRODUCTS_DIR; };
		C1961BA027ABFCB40037C568 /* NotesAppUITests.swift */ = {isa = PBXFileReference; lastKnownFileType = sourcecode.swift; path = NotesAppUITests.swift; sourceTree = "<group>"; };
		C1961BA227ABFCB40037C568 /* NotesAppUITestsLaunchTests.swift */ = {isa = PBXFileReference; lastKnownFileType = sourcecode.swift; path = NotesAppUITestsLaunchTests.swift; sourceTree = "<group>"; };
		C1FA020F27AD2CB7001A60FA /* DetailsViewController.swift */ = {isa = PBXFileReference; lastKnownFileType = sourcecode.swift; path = DetailsViewController.swift; sourceTree = "<group>"; };
/* End PBXFileReference section */

/* Begin PBXFrameworksBuildPhase section */
		C1961B7627ABFCB20037C568 /* Frameworks */ = {
			isa = PBXFrameworksBuildPhase;
			buildActionMask = 2147483647;
			files = (
			);
			runOnlyForDeploymentPostprocessing = 0;
		};
		C1961B8F27ABFCB40037C568 /* Frameworks */ = {
			isa = PBXFrameworksBuildPhase;
			buildActionMask = 2147483647;
			files = (
			);
			runOnlyForDeploymentPostprocessing = 0;
		};
		C1961B9927ABFCB40037C568 /* Frameworks */ = {
			isa = PBXFrameworksBuildPhase;
			buildActionMask = 2147483647;
			files = (
			);
			runOnlyForDeploymentPostprocessing = 0;
		};
/* End PBXFrameworksBuildPhase section */

/* Begin PBXGroup section */
		C1961B7027ABFCB20037C568 = {
			isa = PBXGroup;
			children = (
				C1961B7B27ABFCB20037C568 /* NotesApp */,
				C1961B9527ABFCB40037C568 /* NotesAppTests */,
				C1961B9F27ABFCB40037C568 /* NotesAppUITests */,
				C1961B7A27ABFCB20037C568 /* Products */,
			);
			sourceTree = "<group>";
		};
		C1961B7A27ABFCB20037C568 /* Products */ = {
			isa = PBXGroup;
			children = (
				C1961B7927ABFCB20037C568 /* NotesApp.app */,
				C1961B9227ABFCB40037C568 /* NotesAppTests.xctest */,
				C1961B9C27ABFCB40037C568 /* NotesAppUITests.xctest */,
			);
			name = Products;
			sourceTree = "<group>";
		};
		C1961B7B27ABFCB20037C568 /* NotesApp */ = {
			isa = PBXGroup;
			children = (
				C1961B7C27ABFCB20037C568 /* AppDelegate.swift */,
				C1961B7E27ABFCB20037C568 /* SceneDelegate.swift */,
				C1961B8027ABFCB20037C568 /* ViewController.swift */,
				C1961B8227ABFCB20037C568 /* Main.storyboard */,
				C1961B8827ABFCB40037C568 /* Assets.xcassets */,
				C1961B8A27ABFCB40037C568 /* LaunchScreen.storyboard */,
				C1961B8D27ABFCB40037C568 /* Info.plist */,
				C1961B8527ABFCB20037C568 /* NotesApp.xcdatamodeld */,
				C1FA020F27AD2CB7001A60FA /* DetailsViewController.swift */,
			);
			path = NotesApp;
			sourceTree = "<group>";
		};
		C1961B9527ABFCB40037C568 /* NotesAppTests */ = {
			isa = PBXGroup;
			children = (
				C1961B9627ABFCB40037C568 /* NotesAppTests.swift */,
			);
			path = NotesAppTests;
			sourceTree = "<group>";
		};
		C1961B9F27ABFCB40037C568 /* NotesAppUITests */ = {
			isa = PBXGroup;
			children = (
				C1961BA027ABFCB40037C568 /* NotesAppUITests.swift */,
				C1961BA227ABFCB40037C568 /* NotesAppUITestsLaunchTests.swift */,
			);
			path = NotesAppUITests;
			sourceTree = "<group>";
		};
/* End PBXGroup section */

/* Begin PBXNativeTarget section */
		C1961B7827ABFCB20037C568 /* NotesApp */ = {
			isa = PBXNativeTarget;
			buildConfigurationList = C1961BA627ABFCB40037C568 /* Build configuration list for PBXNativeTarget "NotesApp" */;
			buildPhases = (
				C1961B7527ABFCB20037C568 /* Sources */,
				C1961B7627ABFCB20037C568 /* Frameworks */,
				C1961B7727ABFCB20037C568 /* Resources */,
			);
			buildRules = (
			);
			dependencies = (
			);
			name = NotesApp;
			productName = NotesApp;
			productReference = C1961B7927ABFCB20037C568 /* NotesApp.app */;
			productType = "com.apple.product-type.application";
		};
		C1961B9127ABFCB40037C568 /* NotesAppTests */ = {
			isa = PBXNativeTarget;
			buildConfigurationList = C1961BA927ABFCB40037C568 /* Build configuration list for PBXNativeTarget "NotesAppTests" */;
			buildPhases = (
				C1961B8E27ABFCB40037C568 /* Sources */,
				C1961B8F27ABFCB40037C568 /* Frameworks */,
				C1961B9027ABFCB40037C568 /* Resources */,
			);
			buildRules = (
			);
			dependencies = (
				C1961B9427ABFCB40037C568 /* PBXTargetDependency */,
			);
			name = NotesAppTests;
			productName = NotesAppTests;
			productReference = C1961B9227ABFCB40037C568 /* NotesAppTests.xctest */;
			productType = "com.apple.product-type.bundle.unit-test";
		};
		C1961B9B27ABFCB40037C568 /* NotesAppUITests */ = {
			isa = PBXNativeTarget;
			buildConfigurationList = C1961BAC27ABFCB40037C568 /* Build configuration list for PBXNativeTarget "NotesAppUITests" */;
			buildPhases = (
				C1961B9827ABFCB40037C568 /* Sources */,
				C1961B9927ABFCB40037C568 /* Frameworks */,
				C1961B9A27ABFCB40037C568 /* Resources */,
			);
			buildRules = (
			);
			dependencies = (
				C1961B9E27ABFCB40037C568 /* PBXTargetDependency */,
			);
			name = NotesAppUITests;
			productName = NotesAppUITests;
			productReference = C1961B9C27ABFCB40037C568 /* NotesAppUITests.xctest */;
			productType = "com.apple.product-type.bundle.ui-testing";
		};
/* End PBXNativeTarget section */

/* Begin PBXProject section */
		C1961B7127ABFCB20037C568 /* Project object */ = {
			isa = PBXProject;
			attributes = {
				BuildIndependentTargetsInParallel = 1;
				LastSwiftUpdateCheck = 1320;
				LastUpgradeCheck = 1320;
				TargetAttributes = {
					C1961B7827ABFCB20037C568 = {
						CreatedOnToolsVersion = 13.2.1;
					};
					C1961B9127ABFCB40037C568 = {
						CreatedOnToolsVersion = 13.2.1;
						TestTargetID = C1961B7827ABFCB20037C568;
					};
					C1961B9B27ABFCB40037C568 = {
						CreatedOnToolsVersion = 13.2.1;
						TestTargetID = C1961B7827ABFCB20037C568;
					};
				};
			};
			buildConfigurationList = C1961B7427ABFCB20037C568 /* Build configuration list for PBXProject "NotesApp" */;
			compatibilityVersion = "Xcode 13.0";
			developmentRegion = en;
			hasScannedForEncodings = 0;
			knownRegions = (
				en,
				Base,
			);
			mainGroup = C1961B7027ABFCB20037C568;
			productRefGroup = C1961B7A27ABFCB20037C568 /* Products */;
			projectDirPath = "";
			projectRoot = "";
			targets = (
				C1961B7827ABFCB20037C568 /* NotesApp */,
				C1961B9127ABFCB40037C568 /* NotesAppTests */,
				C1961B9B27ABFCB40037C568 /* NotesAppUITests */,
			);
		};
/* End PBXProject section */

/* Begin PBXResourcesBuildPhase section */
		C1961B7727ABFCB20037C568 /* Resources */ = {
			isa = PBXResourcesBuildPhase;
			buildActionMask = 2147483647;
			files = (
				C1961B8C27ABFCB40037C568 /* LaunchScreen.storyboard in Resources */,
				C1961B8927ABFCB40037C568 /* Assets.xcassets in Resources */,
				C1961B8427ABFCB20037C568 /* Main.storyboard in Resources */,
			);
			runOnlyForDeploymentPostprocessing = 0;
		};
		C1961B9027ABFCB40037C568 /* Resources */ = {
			isa = PBXResourcesBuildPhase;
			buildActionMask = 2147483647;
			files = (
			);
			runOnlyForDeploymentPostprocessing = 0;
		};
		C1961B9A27ABFCB40037C568 /* Resources */ = {
			isa = PBXResourcesBuildPhase;
			buildActionMask = 2147483647;
			files = (
			);
			runOnlyForDeploymentPostprocessing = 0;
		};
/* End PBXResourcesBuildPhase section */

/* Begin PBXSourcesBuildPhase section */
		C1961B7527ABFCB20037C568 /* Sources */ = {
			isa = PBXSourcesBuildPhase;
			buildActionMask = 2147483647;
			files = (
				C1961B8127ABFCB20037C568 /* ViewController.swift in Sources */,
				C1961B7D27ABFCB20037C568 /* AppDelegate.swift in Sources */,
				C1961B7F27ABFCB20037C568 /* SceneDelegate.swift in Sources */,
				C1961B8727ABFCB20037C568 /* NotesApp.xcdatamodeld in Sources */,
				C1FA021027AD2CB7001A60FA /* DetailsViewController.swift in Sources */,
			);
			runOnlyForDeploymentPostprocessing = 0;
		};
		C1961B8E27ABFCB40037C568 /* Sources */ = {
			isa = PBXSourcesBuildPhase;
			buildActionMask = 2147483647;
			files = (
				C1961B9727ABFCB40037C568 /* NotesAppTests.swift in Sources */,
			);
			runOnlyForDeploymentPostprocessing = 0;
		};
		C1961B9827ABFCB40037C568 /* Sources */ = {
			isa = PBXSourcesBuildPhase;
			buildActionMask = 2147483647;
			files = (
				C1961BA327ABFCB40037C568 /* NotesAppUITestsLaunchTests.swift in Sources */,
				C1961BA127ABFCB40037C568 /* NotesAppUITests.swift in Sources */,
			);
			runOnlyForDeploymentPostprocessing = 0;
		};
/* End PBXSourcesBuildPhase section */

/* Begin PBXTargetDependency section */
		C1961B9427ABFCB40037C568 /* PBXTargetDependency */ = {
			isa = PBXTargetDependency;
			target = C1961B7827ABFCB20037C568 /* NotesApp */;
			targetProxy = C1961B9327ABFCB40037C568 /* PBXContainerItemProxy */;
		};
		C1961B9E27ABFCB40037C568 /* PBXTargetDependency */ = {
			isa = PBXTargetDependency;
			target = C1961B7827ABFCB20037C568 /* NotesApp */;
			targetProxy = C1961B9D27ABFCB40037C568 /* PBXContainerItemProxy */;
		};
/* End PBXTargetDependency section */

/* Begin PBXVariantGroup section */
		C1961B8227ABFCB20037C568 /* Main.storyboard */ = {
			isa = PBXVariantGroup;
			children = (
				C1961B8327ABFCB20037C568 /* Base */,
			);
			name = Main.storyboard;
			sourceTree = "<group>";
		};
		C1961B8A27ABFCB40037C568 /* LaunchScreen.storyboard */ = {
			isa = PBXVariantGroup;
			children = (
				C1961B8B27ABFCB40037C568 /* Base */,
			);
			name = LaunchScreen.storyboard;
			sourceTree = "<group>";
		};
/* End PBXVariantGroup section */

/* Begin XCBuildConfiguration section */
		C1961BA427ABFCB40037C568 /* Debug */ = {
			isa = XCBuildConfiguration;
			buildSettings = {
				ALWAYS_SEARCH_USER_PATHS = NO;
				CLANG_ANALYZER_NONNULL = YES;
				CLANG_ANALYZER_NUMBER_OBJECT_CONVERSION = YES_AGGRESSIVE;
				CLANG_CXX_LANGUAGE_STANDARD = "gnu++17";
				CLANG_CXX_LIBRARY = "libc++";
				CLANG_ENABLE_MODULES = YES;
				CLANG_ENABLE_OBJC_ARC = YES;
				CLANG_ENABLE_OBJC_WEAK = YES;
				CLANG_WARN_BLOCK_CAPTURE_AUTORELEASING = YES;
				CLANG_WARN_BOOL_CONVERSION = YES;
				CLANG_WARN_COMMA = YES;
				CLANG_WARN_CONSTANT_CONVERSION = YES;
				CLANG_WARN_DEPRECATED_OBJC_IMPLEMENTATIONS = YES;
				CLANG_WARN_DIRECT_OBJC_ISA_USAGE = YES_ERROR;
				CLANG_WARN_DOCUMENTATION_COMMENTS = YES;
				CLANG_WARN_EMPTY_BODY = YES;
				CLANG_WARN_ENUM_CONVERSION = YES;
				CLANG_WARN_INFINITE_RECURSION = YES;
				CLANG_WARN_INT_CONVERSION = YES;
				CLANG_WARN_NON_LITERAL_NULL_CONVERSION = YES;
				CLANG_WARN_OBJC_IMPLICIT_RETAIN_SELF = YES;
				CLANG_WARN_OBJC_LITERAL_CONVERSION = YES;
				CLANG_WARN_OBJC_ROOT_CLASS = YES_ERROR;
				CLANG_WARN_QUOTED_INCLUDE_IN_FRAMEWORK_HEADER = YES;
				CLANG_WARN_RANGE_LOOP_ANALYSIS = YES;
				CLANG_WARN_STRICT_PROTOTYPES = YES;
				CLANG_WARN_SUSPICIOUS_MOVE = YES;
				CLANG_WARN_UNGUARDED_AVAILABILITY = YES_AGGRESSIVE;
				CLANG_WARN_UNREACHABLE_CODE = YES;
				CLANG_WARN__DUPLICATE_METHOD_MATCH = YES;
				COPY_PHASE_STRIP = NO;
				DEBUG_INFORMATION_FORMAT = dwarf;
				ENABLE_STRICT_OBJC_MSGSEND = YES;
				ENABLE_TESTABILITY = YES;
				GCC_C_LANGUAGE_STANDARD = gnu11;
				GCC_DYNAMIC_NO_PIC = NO;
				GCC_NO_COMMON_BLOCKS = YES;
				GCC_OPTIMIZATION_LEVEL = 0;
				GCC_PREPROCESSOR_DEFINITIONS = (
					"DEBUG=1",
					"$(inherited)",
				);
				GCC_WARN_64_TO_32_BIT_CONVERSION = YES;
				GCC_WARN_ABOUT_RETURN_TYPE = YES_ERROR;
				GCC_WARN_UNDECLARED_SELECTOR = YES;
				GCC_WARN_UNINITIALIZED_AUTOS = YES_AGGRESSIVE;
				GCC_WARN_UNUSED_FUNCTION = YES;
				GCC_WARN_UNUSED_VARIABLE = YES;
				IPHONEOS_DEPLOYMENT_TARGET = 15.2;
				MTL_ENABLE_DEBUG_INFO = INCLUDE_SOURCE;
				MTL_FAST_MATH = YES;
				ONLY_ACTIVE_ARCH = YES;
				SDKROOT = iphoneos;
				SWIFT_ACTIVE_COMPILATION_CONDITIONS = DEBUG;
				SWIFT_OPTIMIZATION_LEVEL = "-Onone";
			};
			name = Debug;
		};
		C1961BA527ABFCB40037C568 /* Release */ = {
			isa = XCBuildConfiguration;
			buildSettings = {
				ALWAYS_SEARCH_USER_PATHS = NO;
				CLANG_ANALYZER_NONNULL = YES;
				CLANG_ANALYZER_NUMBER_OBJECT_CONVERSION = YES_AGGRESSIVE;
				CLANG_CXX_LANGUAGE_STANDARD = "gnu++17";
				CLANG_CXX_LIBRARY = "libc++";
				CLANG_ENABLE_MODULES = YES;
				CLANG_ENABLE_OBJC_ARC = YES;
				CLANG_ENABLE_OBJC_WEAK = YES;
				CLANG_WARN_BLOCK_CAPTURE_AUTORELEASING = YES;
				CLANG_WARN_BOOL_CONVERSION = YES;
				CLANG_WARN_COMMA = YES;
				CLANG_WARN_CONSTANT_CONVERSION = YES;
				CLANG_WARN_DEPRECATED_OBJC_IMPLEMENTATIONS = YES;
				CLANG_WARN_DIRECT_OBJC_ISA_USAGE = YES_ERROR;
				CLANG_WARN_DOCUMENTATION_COMMENTS = YES;
				CLANG_WARN_EMPTY_BODY = YES;
				CLANG_WARN_ENUM_CONVERSION = YES;
				CLANG_WARN_INFINITE_RECURSION = YES;
				CLANG_WARN_INT_CONVERSION = YES;
				CLANG_WARN_NON_LITERAL_NULL_CONVERSION = YES;
				CLANG_WARN_OBJC_IMPLICIT_RETAIN_SELF = YES;
				CLANG_WARN_OBJC_LITERAL_CONVERSION = YES;
				CLANG_WARN_OBJC_ROOT_CLASS = YES_ERROR;
				CLANG_WARN_QUOTED_INCLUDE_IN_FRAMEWORK_HEADER = YES;
				CLANG_WARN_RANGE_LOOP_ANALYSIS = YES;
				CLANG_WARN_STRICT_PROTOTYPES = YES;
				CLANG_WARN_SUSPICIOUS_MOVE = YES;
				CLANG_WARN_UNGUARDED_AVAILABILITY = YES_AGGRESSIVE;
				CLANG_WARN_UNREACHABLE_CODE = YES;
				CLANG_WARN__DUPLICATE_METHOD_MATCH = YES;
				COPY_PHASE_STRIP = NO;
				DEBUG_INFORMATION_FORMAT = "dwarf-with-dsym";
				ENABLE_NS_ASSERTIONS = NO;
				ENABLE_STRICT_OBJC_MSGSEND = YES;
				GCC_C_LANGUAGE_STANDARD = gnu11;
				GCC_NO_COMMON_BLOCKS = YES;
				GCC_WARN_64_TO_32_BIT_CONVERSION = YES;
				GCC_WARN_ABOUT_RETURN_TYPE = YES_ERROR;
				GCC_WARN_UNDECLARED_SELECTOR = YES;
				GCC_WARN_UNINITIALIZED_AUTOS = YES_AGGRESSIVE;
				GCC_WARN_UNUSED_FUNCTION = YES;
				GCC_WARN_UNUSED_VARIABLE = YES;
				IPHONEOS_DEPLOYMENT_TARGET = 15.2;
				MTL_ENABLE_DEBUG_INFO = NO;
				MTL_FAST_MATH = YES;
				SDKROOT = iphoneos;
				SWIFT_COMPILATION_MODE = wholemodule;
				SWIFT_OPTIMIZATION_LEVEL = "-O";
				VALIDATE_PRODUCT = YES;
			};
			name = Release;
		};
		C1961BA727ABFCB40037C568 /* Debug */ = {
			isa = XCBuildConfiguration;
			buildSettings = {
				ASSETCATALOG_COMPILER_APPICON_NAME = AppIcon;
				ASSETCATALOG_COMPILER_GLOBAL_ACCENT_COLOR_NAME = AccentColor;
				CODE_SIGN_STYLE = Automatic;
				CURRENT_PROJECT_VERSION = 1;
				GENERATE_INFOPLIST_FILE = YES;
				INFOPLIST_FILE = NotesApp/Info.plist;
				INFOPLIST_KEY_CFBundleDisplayName = "";
				INFOPLIST_KEY_LSApplicationCategoryType = "";
				INFOPLIST_KEY_UIApplicationSupportsIndirectInputEvents = YES;
				INFOPLIST_KEY_UILaunchStoryboardName = LaunchScreen;
				INFOPLIST_KEY_UIMainStoryboardFile = Main;
				INFOPLIST_KEY_UISupportedInterfaceOrientations_iPad = "UIInterfaceOrientationPortrait UIInterfaceOrientationPortraitUpsideDown UIInterfaceOrientationLandscapeLeft UIInterfaceOrientationLandscapeRight";
				INFOPLIST_KEY_UISupportedInterfaceOrientations_iPhone = "UIInterfaceOrientationPortrait UIInterfaceOrientationLandscapeLeft UIInterfaceOrientationLandscapeRight";
				LD_RUNPATH_SEARCH_PATHS = (
					"$(inherited)",
					"@executable_path/Frameworks",
				);
				MARKETING_VERSION = 1.0;
				PRODUCT_BUNDLE_IDENTIFIER = wishtree.com.NotesApp;
				PRODUCT_NAME = "$(TARGET_NAME)";
				SWIFT_EMIT_LOC_STRINGS = YES;
				SWIFT_VERSION = 5.0;
				TARGETED_DEVICE_FAMILY = "1,2";
			};
			name = Debug;
		};
		C1961BA827ABFCB40037C568 /* Release */ = {
			isa = XCBuildConfiguration;
			buildSettings = {
				ASSETCATALOG_COMPILER_APPICON_NAME = AppIcon;
				ASSETCATALOG_COMPILER_GLOBAL_ACCENT_COLOR_NAME = AccentColor;
				CODE_SIGN_STYLE = Automatic;
				CURRENT_PROJECT_VERSION = 1;
				GENERATE_INFOPLIST_FILE = YES;
				INFOPLIST_FILE = NotesApp/Info.plist;
				INFOPLIST_KEY_CFBundleDisplayName = "";
				INFOPLIST_KEY_LSApplicationCategoryType = "";
				INFOPLIST_KEY_UIApplicationSupportsIndirectInputEvents = YES;
				INFOPLIST_KEY_UILaunchStoryboardName = LaunchScreen;
				INFOPLIST_KEY_UIMainStoryboardFile = Main;
				INFOPLIST_KEY_UISupportedInterfaceOrientations_iPad = "UIInterfaceOrientationPortrait UIInterfaceOrientationPortraitUpsideDown UIInterfaceOrientationLandscapeLeft UIInterfaceOrientationLandscapeRight";
				INFOPLIST_KEY_UISupportedInterfaceOrientations_iPhone = "UIInterfaceOrientationPortrait UIInterfaceOrientationLandscapeLeft UIInterfaceOrientationLandscapeRight";
				LD_RUNPATH_SEARCH_PATHS = (
					"$(inherited)",
					"@executable_path/Frameworks",
				);
				MARKETING_VERSION = 1.0;
				PRODUCT_BUNDLE_IDENTIFIER = wishtree.com.NotesApp;
				PRODUCT_NAME = "$(TARGET_NAME)";
				SWIFT_EMIT_LOC_STRINGS = YES;
				SWIFT_VERSION = 5.0;
				TARGETED_DEVICE_FAMILY = "1,2";
			};
			name = Release;
		};
		C1961BAA27ABFCB40037C568 /* Debug */ = {
			isa = XCBuildConfiguration;
			buildSettings = {
				ALWAYS_EMBED_SWIFT_STANDARD_LIBRARIES = YES;
				BUNDLE_LOADER = "$(TEST_HOST)";
				CODE_SIGN_STYLE = Automatic;
				CURRENT_PROJECT_VERSION = 1;
				GENERATE_INFOPLIST_FILE = YES;
				IPHONEOS_DEPLOYMENT_TARGET = 15.2;
				MARKETING_VERSION = 1.0;
				PRODUCT_BUNDLE_IDENTIFIER = wishtree.com.NotesAppTests;
				PRODUCT_NAME = "$(TARGET_NAME)";
				SWIFT_EMIT_LOC_STRINGS = NO;
				SWIFT_VERSION = 5.0;
				TARGETED_DEVICE_FAMILY = "1,2";
				TEST_HOST = "$(BUILT_PRODUCTS_DIR)/NotesApp.app/NotesApp";
			};
			name = Debug;
		};
		C1961BAB27ABFCB40037C568 /* Release */ = {
			isa = XCBuildConfiguration;
			buildSettings = {
				ALWAYS_EMBED_SWIFT_STANDARD_LIBRARIES = YES;
				BUNDLE_LOADER = "$(TEST_HOST)";
				CODE_SIGN_STYLE = Automatic;
				CURRENT_PROJECT_VERSION = 1;
				GENERATE_INFOPLIST_FILE = YES;
				IPHONEOS_DEPLOYMENT_TARGET = 15.2;
				MARKETING_VERSION = 1.0;
				PRODUCT_BUNDLE_IDENTIFIER = wishtree.com.NotesAppTests;
				PRODUCT_NAME = "$(TARGET_NAME)";
				SWIFT_EMIT_LOC_STRINGS = NO;
				SWIFT_VERSION = 5.0;
				TARGETED_DEVICE_FAMILY = "1,2";
				TEST_HOST = "$(BUILT_PRODUCTS_DIR)/NotesApp.app/NotesApp";
			};
			name = Release;
		};
		C1961BAD27ABFCB40037C568 /* Debug */ = {
			isa = XCBuildConfiguration;
			buildSettings = {
				ALWAYS_EMBED_SWIFT_STANDARD_LIBRARIES = YES;
				CODE_SIGN_STYLE = Automatic;
				CURRENT_PROJECT_VERSION = 1;
				GENERATE_INFOPLIST_FILE = YES;
				MARKETING_VERSION = 1.0;
				PRODUCT_BUNDLE_IDENTIFIER = wishtree.com.NotesAppUITests;
				PRODUCT_NAME = "$(TARGET_NAME)";
				SWIFT_EMIT_LOC_STRINGS = NO;
				SWIFT_VERSION = 5.0;
				TARGETED_DEVICE_FAMILY = "1,2";
				TEST_TARGET_NAME = NotesApp;
			};
			name = Debug;
		};
		C1961BAE27ABFCB40037C568 /* Release */ = {
			isa = XCBuildConfiguration;
			buildSettings = {
				ALWAYS_EMBED_SWIFT_STANDARD_LIBRARIES = YES;
				CODE_SIGN_STYLE = Automatic;
				CURRENT_PROJECT_VERSION = 1;
				GENERATE_INFOPLIST_FILE = YES;
				MARKETING_VERSION = 1.0;
				PRODUCT_BUNDLE_IDENTIFIER = wishtree.com.NotesAppUITests;
				PRODUCT_NAME = "$(TARGET_NAME)";
				SWIFT_EMIT_LOC_STRINGS = NO;
				SWIFT_VERSION = 5.0;
				TARGETED_DEVICE_FAMILY = "1,2";
				TEST_TARGET_NAME = NotesApp;
			};
			name = Release;
		};
/* End XCBuildConfiguration section */

/* Begin XCConfigurationList section */
		C1961B7427ABFCB20037C568 /* Build configuration list for PBXProject "NotesApp" */ = {
			isa = XCConfigurationList;
			buildConfigurations = (
				C1961BA427ABFCB40037C568 /* Debug */,
				C1961BA527ABFCB40037C568 /* Release */,
			);
			defaultConfigurationIsVisible = 0;
			defaultConfigurationName = Release;
		};
		C1961BA627ABFCB40037C568 /* Build configuration list for PBXNativeTarget "NotesApp" */ = {
			isa = XCConfigurationList;
			buildConfigurations = (
				C1961BA727ABFCB40037C568 /* Debug */,
				C1961BA827ABFCB40037C568 /* Release */,
			);
			defaultConfigurationIsVisible = 0;
			defaultConfigurationName = Release;
		};
		C1961BA927ABFCB40037C568 /* Build configuration list for PBXNativeTarget "NotesAppTests" */ = {
			isa = XCConfigurationList;
			buildConfigurations = (
				C1961BAA27ABFCB40037C568 /* Debug */,
				C1961BAB27ABFCB40037C568 /* Release */,
			);
			defaultConfigurationIsVisible = 0;
			defaultConfigurationName = Release;
		};
		C1961BAC27ABFCB40037C568 /* Build configuration list for PBXNativeTarget "NotesAppUITests" */ = {
			isa = XCConfigurationList;
			buildConfigurations = (
				C1961BAD27ABFCB40037C568 /* Debug */,
				C1961BAE27ABFCB40037C568 /* Release */,
			);
			defaultConfigurationIsVisible = 0;
			defaultConfigurationName = Release;
		};
/* End XCConfigurationList section */

/* Begin XCVersionGroup section */
		C1961B8527ABFCB20037C568 /* NotesApp.xcdatamodeld */ = {
			isa = XCVersionGroup;
			children = (
				C1961B8627ABFCB20037C568 /* NotesApp.xcdatamodel */,
			);
			currentVersion = C1961B8627ABFCB20037C568 /* NotesApp.xcdatamodel */;
			path = NotesApp.xcdatamodeld;
			sourceTree = "<group>";
			versionGroupType = wrapper.xcdatamodel;
		};
/* End XCVersionGroup section */
	};
	rootObject = C1961B7127ABFCB20037C568 /* Project object */;
}
